// !$*UTF8*$!
{
	archiveVersion = 1;
	classes = {
	};
	objectVersion = 51;
	objects = {

/* Begin PBXBuildFile section */
		9921DE97278735A0FB63428F /* Pods_food_places_ios.framework in Frameworks */ = {isa = PBXBuildFile; fileRef = 484F1C87FE8A1E17374693F6 /* Pods_food_places_ios.framework */; };
		A1491A7925D83729009D4A90 /* PlaceInfo.swift in Sources */ = {isa = PBXBuildFile; fileRef = A1491A7825D83729009D4A90 /* PlaceInfo.swift */; };
		A1491A8725D87B59009D4A90 /* SectionIdentifier.swift in Sources */ = {isa = PBXBuildFile; fileRef = A1491A8625D87B59009D4A90 /* SectionIdentifier.swift */; };
		A1491A8A25D87B7D009D4A90 /* ItemIdentifier.swift in Sources */ = {isa = PBXBuildFile; fileRef = A1491A8925D87B7D009D4A90 /* ItemIdentifier.swift */; };
		A1491A8E25D87C02009D4A90 /* ListCell.swift in Sources */ = {isa = PBXBuildFile; fileRef = A1491A8C25D87C02009D4A90 /* ListCell.swift */; };
		A1491A8F25D87C02009D4A90 /* ListCell.xib in Resources */ = {isa = PBXBuildFile; fileRef = A1491A8D25D87C02009D4A90 /* ListCell.xib */; };
		A1491A9A25D87EFE009D4A90 /* PlaceDetailsView.swift in Sources */ = {isa = PBXBuildFile; fileRef = A1491A9925D87EFE009D4A90 /* PlaceDetailsView.swift */; };
		A1E6AB1925D53A97005FBDB2 /* AppDelegate.swift in Sources */ = {isa = PBXBuildFile; fileRef = A1E6AB1825D53A97005FBDB2 /* AppDelegate.swift */; };
		A1E6AB1B25D53A97005FBDB2 /* SceneDelegate.swift in Sources */ = {isa = PBXBuildFile; fileRef = A1E6AB1A25D53A97005FBDB2 /* SceneDelegate.swift */; };
		A1E6AB2025D53A97005FBDB2 /* Places.storyboard in Resources */ = {isa = PBXBuildFile; fileRef = A1E6AB1E25D53A97005FBDB2 /* Places.storyboard */; };
		A1E6AB2225D53A99005FBDB2 /* Assets.xcassets in Resources */ = {isa = PBXBuildFile; fileRef = A1E6AB2125D53A99005FBDB2 /* Assets.xcassets */; };
		A1E6AB2525D53A99005FBDB2 /* LaunchScreen.storyboard in Resources */ = {isa = PBXBuildFile; fileRef = A1E6AB2325D53A99005FBDB2 /* LaunchScreen.storyboard */; };
		A1E6AB3A25D54338005FBDB2 /* APIKeys.swift in Sources */ = {isa = PBXBuildFile; fileRef = A1E6AB3925D54338005FBDB2 /* APIKeys.swift */; };
		A1E6AB3D25D54417005FBDB2 /* MapViewController.swift in Sources */ = {isa = PBXBuildFile; fileRef = A1E6AB3C25D54417005FBDB2 /* MapViewController.swift */; };
		A1E6AB4025D54423005FBDB2 /* ListViewController.swift in Sources */ = {isa = PBXBuildFile; fileRef = A1E6AB3F25D54423005FBDB2 /* ListViewController.swift */; };
		A1E6AB4625D546C4005FBDB2 /* ServiceProvider.swift in Sources */ = {isa = PBXBuildFile; fileRef = A1E6AB4525D546C4005FBDB2 /* ServiceProvider.swift */; };
		A1E6AB4B25D54750005FBDB2 /* StoryboardSupport.swift in Sources */ = {isa = PBXBuildFile; fileRef = A1E6AB4A25D54750005FBDB2 /* StoryboardSupport.swift */; };
		A1EFF35325D570B10047606C /* DatabaseManager.swift in Sources */ = {isa = PBXBuildFile; fileRef = A1EFF35225D570B10047606C /* DatabaseManager.swift */; };
		A1EFF35625D570FD0047606C /* PlaceFinderManager.swift in Sources */ = {isa = PBXBuildFile; fileRef = A1EFF35525D570FD0047606C /* PlaceFinderManager.swift */; };
		A1EFF35925D5718F0047606C /* PlaceService.swift in Sources */ = {isa = PBXBuildFile; fileRef = A1EFF35825D5718F0047606C /* PlaceService.swift */; };
		A1EFF35C25D5726B0047606C /* URLs.swift in Sources */ = {isa = PBXBuildFile; fileRef = A1EFF35B25D5726B0047606C /* URLs.swift */; };
		A1EFF36325D580D30047606C /* TabBarController.swift in Sources */ = {isa = PBXBuildFile; fileRef = A1EFF36225D580D30047606C /* TabBarController.swift */; };
		A1EFF36825D59E4F0047606C /* PlacesViewModel.swift in Sources */ = {isa = PBXBuildFile; fileRef = A1EFF36725D59E4F0047606C /* PlacesViewModel.swift */; };
		A1EFF36B25D59ECD0047606C /* LocationManager.swift in Sources */ = {isa = PBXBuildFile; fileRef = A1EFF36A25D59ECD0047606C /* LocationManager.swift */; };
		A1EFF36F25D5CEE20047606C /* Place.swift in Sources */ = {isa = PBXBuildFile; fileRef = A1EFF36E25D5CEE20047606C /* Place.swift */; };
		A1EFF38125D689240047606C /* FPError.swift in Sources */ = {isa = PBXBuildFile; fileRef = A1EFF38025D689240047606C /* FPError.swift */; };
		A1EFF38725D6AA750047606C /* Places.xcdatamodeld in Sources */ = {isa = PBXBuildFile; fileRef = A1EFF38525D6AA750047606C /* Places.xcdatamodeld */; };
		A1EFF38A25D6C1020047606C /* NSManagedObjectContext.swift in Sources */ = {isa = PBXBuildFile; fileRef = A1EFF38925D6C1020047606C /* NSManagedObjectContext.swift */; };
/* End PBXBuildFile section */

/* Begin PBXFileReference section */
		2DEB16F24BB257E1895E1AD6 /* Pods-food-places-ios.release.xcconfig */ = {isa = PBXFileReference; includeInIndex = 1; lastKnownFileType = text.xcconfig; name = "Pods-food-places-ios.release.xcconfig"; path = "Target Support Files/Pods-food-places-ios/Pods-food-places-ios.release.xcconfig"; sourceTree = "<group>"; };
		484F1C87FE8A1E17374693F6 /* Pods_food_places_ios.framework */ = {isa = PBXFileReference; explicitFileType = wrapper.framework; includeInIndex = 0; path = Pods_food_places_ios.framework; sourceTree = BUILT_PRODUCTS_DIR; };
		780D48167A812E845947F78D /* Pods-food-places-ios.debug.xcconfig */ = {isa = PBXFileReference; includeInIndex = 1; lastKnownFileType = text.xcconfig; name = "Pods-food-places-ios.debug.xcconfig"; path = "Target Support Files/Pods-food-places-ios/Pods-food-places-ios.debug.xcconfig"; sourceTree = "<group>"; };
		A1491A7825D83729009D4A90 /* PlaceInfo.swift */ = {isa = PBXFileReference; lastKnownFileType = sourcecode.swift; path = PlaceInfo.swift; sourceTree = "<group>"; };
		A1491A8625D87B59009D4A90 /* SectionIdentifier.swift */ = {isa = PBXFileReference; lastKnownFileType = sourcecode.swift; path = SectionIdentifier.swift; sourceTree = "<group>"; };
		A1491A8925D87B7D009D4A90 /* ItemIdentifier.swift */ = {isa = PBXFileReference; lastKnownFileType = sourcecode.swift; path = ItemIdentifier.swift; sourceTree = "<group>"; };
		A1491A8C25D87C02009D4A90 /* ListCell.swift */ = {isa = PBXFileReference; lastKnownFileType = sourcecode.swift; path = ListCell.swift; sourceTree = "<group>"; };
		A1491A8D25D87C02009D4A90 /* ListCell.xib */ = {isa = PBXFileReference; lastKnownFileType = file.xib; path = ListCell.xib; sourceTree = "<group>"; };
		A1491A9925D87EFE009D4A90 /* PlaceDetailsView.swift */ = {isa = PBXFileReference; lastKnownFileType = sourcecode.swift; path = PlaceDetailsView.swift; sourceTree = "<group>"; };
		A1E6AB1525D53A97005FBDB2 /* food-places-ios.app */ = {isa = PBXFileReference; explicitFileType = wrapper.application; includeInIndex = 0; path = "food-places-ios.app"; sourceTree = BUILT_PRODUCTS_DIR; };
		A1E6AB1825D53A97005FBDB2 /* AppDelegate.swift */ = {isa = PBXFileReference; lastKnownFileType = sourcecode.swift; path = AppDelegate.swift; sourceTree = "<group>"; };
		A1E6AB1A25D53A97005FBDB2 /* SceneDelegate.swift */ = {isa = PBXFileReference; lastKnownFileType = sourcecode.swift; path = SceneDelegate.swift; sourceTree = "<group>"; };
		A1E6AB1F25D53A97005FBDB2 /* Base */ = {isa = PBXFileReference; lastKnownFileType = file.storyboard; name = Base; path = Base.lproj/Places.storyboard; sourceTree = "<group>"; };
		A1E6AB2125D53A99005FBDB2 /* Assets.xcassets */ = {isa = PBXFileReference; lastKnownFileType = folder.assetcatalog; path = Assets.xcassets; sourceTree = "<group>"; };
		A1E6AB2425D53A99005FBDB2 /* Base */ = {isa = PBXFileReference; lastKnownFileType = file.storyboard; name = Base; path = Base.lproj/LaunchScreen.storyboard; sourceTree = "<group>"; };
		A1E6AB2625D53A99005FBDB2 /* Info.plist */ = {isa = PBXFileReference; lastKnownFileType = text.plist.xml; path = Info.plist; sourceTree = "<group>"; };
		A1E6AB3925D54338005FBDB2 /* APIKeys.swift */ = {isa = PBXFileReference; lastKnownFileType = sourcecode.swift; path = APIKeys.swift; sourceTree = "<group>"; };
		A1E6AB3C25D54417005FBDB2 /* MapViewController.swift */ = {isa = PBXFileReference; lastKnownFileType = sourcecode.swift; path = MapViewController.swift; sourceTree = "<group>"; };
		A1E6AB3F25D54423005FBDB2 /* ListViewController.swift */ = {isa = PBXFileReference; lastKnownFileType = sourcecode.swift; path = ListViewController.swift; sourceTree = "<group>"; };
		A1E6AB4525D546C4005FBDB2 /* ServiceProvider.swift */ = {isa = PBXFileReference; lastKnownFileType = sourcecode.swift; path = ServiceProvider.swift; sourceTree = "<group>"; };
		A1E6AB4A25D54750005FBDB2 /* StoryboardSupport.swift */ = {isa = PBXFileReference; lastKnownFileType = sourcecode.swift; path = StoryboardSupport.swift; sourceTree = "<group>"; };
		A1EFF35225D570B10047606C /* DatabaseManager.swift */ = {isa = PBXFileReference; lastKnownFileType = sourcecode.swift; path = DatabaseManager.swift; sourceTree = "<group>"; };
		A1EFF35525D570FD0047606C /* PlaceFinderManager.swift */ = {isa = PBXFileReference; lastKnownFileType = sourcecode.swift; path = PlaceFinderManager.swift; sourceTree = "<group>"; };
		A1EFF35825D5718F0047606C /* PlaceService.swift */ = {isa = PBXFileReference; lastKnownFileType = sourcecode.swift; path = PlaceService.swift; sourceTree = "<group>"; };
		A1EFF35B25D5726B0047606C /* URLs.swift */ = {isa = PBXFileReference; lastKnownFileType = sourcecode.swift; path = URLs.swift; sourceTree = "<group>"; };
		A1EFF36225D580D30047606C /* TabBarController.swift */ = {isa = PBXFileReference; lastKnownFileType = sourcecode.swift; path = TabBarController.swift; sourceTree = "<group>"; };
		A1EFF36725D59E4F0047606C /* PlacesViewModel.swift */ = {isa = PBXFileReference; lastKnownFileType = sourcecode.swift; path = PlacesViewModel.swift; sourceTree = "<group>"; };
		A1EFF36A25D59ECD0047606C /* LocationManager.swift */ = {isa = PBXFileReference; lastKnownFileType = sourcecode.swift; path = LocationManager.swift; sourceTree = "<group>"; };
		A1EFF36E25D5CEE20047606C /* Place.swift */ = {isa = PBXFileReference; lastKnownFileType = sourcecode.swift; path = Place.swift; sourceTree = "<group>"; };
		A1EFF38025D689240047606C /* FPError.swift */ = {isa = PBXFileReference; lastKnownFileType = sourcecode.swift; path = FPError.swift; sourceTree = "<group>"; };
		A1EFF38625D6AA750047606C /* Places.xcdatamodel */ = {isa = PBXFileReference; lastKnownFileType = wrapper.xcdatamodel; path = Places.xcdatamodel; sourceTree = "<group>"; };
		A1EFF38925D6C1020047606C /* NSManagedObjectContext.swift */ = {isa = PBXFileReference; lastKnownFileType = sourcecode.swift; path = NSManagedObjectContext.swift; sourceTree = "<group>"; };
/* End PBXFileReference section */

/* Begin PBXFrameworksBuildPhase section */
		A1E6AB1225D53A97005FBDB2 /* Frameworks */ = {
			isa = PBXFrameworksBuildPhase;
			buildActionMask = 2147483647;
			files = (
				9921DE97278735A0FB63428F /* Pods_food_places_ios.framework in Frameworks */,
			);
			runOnlyForDeploymentPostprocessing = 0;
		};
/* End PBXFrameworksBuildPhase section */

/* Begin PBXGroup section */
		0FDB9518D2AB477C2F0EADD5 /* Frameworks */ = {
			isa = PBXGroup;
			children = (
				484F1C87FE8A1E17374693F6 /* Pods_food_places_ios.framework */,
			);
			name = Frameworks;
			sourceTree = "<group>";
		};
		8ADC27B52EB47536139537D5 /* Pods */ = {
			isa = PBXGroup;
			children = (
				780D48167A812E845947F78D /* Pods-food-places-ios.debug.xcconfig */,
				2DEB16F24BB257E1895E1AD6 /* Pods-food-places-ios.release.xcconfig */,
			);
			path = Pods;
			sourceTree = "<group>";
		};
		A1491A7C25D8440C009D4A90 /* Models */ = {
			isa = PBXGroup;
			children = (
				A1EFF36E25D5CEE20047606C /* Place.swift */,
				A1491A7825D83729009D4A90 /* PlaceInfo.swift */,
				A1EFF38025D689240047606C /* FPError.swift */,
				A1491AA125D88F4D009D4A90 /* UI */,
			);
			path = Models;
			sourceTree = "<group>";
		};
		A1491A7F25D8740B009D4A90 /* Services */ = {
			isa = PBXGroup;
			children = (
				A1E6AB4525D546C4005FBDB2 /* ServiceProvider.swift */,
				A1EFF35825D5718F0047606C /* PlaceService.swift */,
			);
			path = Services;
			sourceTree = "<group>";
		};
		A1491A8325D8742C009D4A90 /* Managers */ = {
			isa = PBXGroup;
			children = (
				A1491AA525D88FDC009D4A90 /* ArcGIS */,
				A1491AA325D88FD1009D4A90 /* DB */,
				A1491AA725D88FE5009D4A90 /* Location */,
			);
			path = Managers;
			sourceTree = "<group>";
		};
		A1491A9125D87CBD009D4A90 /* ListCell */ = {
			isa = PBXGroup;
			children = (
				A1491A8C25D87C02009D4A90 /* ListCell.swift */,
				A1491A8D25D87C02009D4A90 /* ListCell.xib */,
			);
			path = ListCell;
			sourceTree = "<group>";
		};
		A1491A9325D87E8F009D4A90 /* List */ = {
			isa = PBXGroup;
			children = (
				A1E6AB3F25D54423005FBDB2 /* ListViewController.swift */,
				A1491A9125D87CBD009D4A90 /* ListCell */,
			);
			path = List;
			sourceTree = "<group>";
		};
		A1491A9525D87E98009D4A90 /* Places */ = {
			isa = PBXGroup;
			children = (
				A1E6AB1E25D53A97005FBDB2 /* Places.storyboard */,
				A1EFF36725D59E4F0047606C /* PlacesViewModel.swift */,
				A1491A9725D87EAB009D4A90 /* Map */,
				A1491A9325D87E8F009D4A90 /* List */,
				A1491A9E25D88531009D4A90 /* Details */,
			);
			path = Places;
			sourceTree = "<group>";
		};
		A1491A9725D87EAB009D4A90 /* Map */ = {
			isa = PBXGroup;
			children = (
				A1E6AB3C25D54417005FBDB2 /* MapViewController.swift */,
			);
			path = Map;
			sourceTree = "<group>";
		};
		A1491A9E25D88531009D4A90 /* Details */ = {
			isa = PBXGroup;
			children = (
				A1491A9925D87EFE009D4A90 /* PlaceDetailsView.swift */,
			);
			path = Details;
			sourceTree = "<group>";
		};
		A1491AA125D88F4D009D4A90 /* UI */ = {
			isa = PBXGroup;
			children = (
				A1491A8625D87B59009D4A90 /* SectionIdentifier.swift */,
				A1491A8925D87B7D009D4A90 /* ItemIdentifier.swift */,
			);
			path = UI;
			sourceTree = "<group>";
		};
		A1491AA325D88FD1009D4A90 /* DB */ = {
			isa = PBXGroup;
			children = (
				A1EFF38525D6AA750047606C /* Places.xcdatamodeld */,
				A1EFF35225D570B10047606C /* DatabaseManager.swift */,
			);
			path = DB;
			sourceTree = "<group>";
		};
		A1491AA525D88FDC009D4A90 /* ArcGIS */ = {
			isa = PBXGroup;
			children = (
				A1EFF35525D570FD0047606C /* PlaceFinderManager.swift */,
			);
			path = ArcGIS;
			sourceTree = "<group>";
		};
		A1491AA725D88FE5009D4A90 /* Location */ = {
			isa = PBXGroup;
			children = (
				A1EFF36A25D59ECD0047606C /* LocationManager.swift */,
			);
			path = Location;
			sourceTree = "<group>";
		};
		A1E6AB0C25D53A97005FBDB2 = {
			isa = PBXGroup;
			children = (
				A1E6AB1725D53A97005FBDB2 /* food-places-ios */,
				A1E6AB1625D53A97005FBDB2 /* Products */,
				8ADC27B52EB47536139537D5 /* Pods */,
				0FDB9518D2AB477C2F0EADD5 /* Frameworks */,
			);
			sourceTree = "<group>";
		};
		A1E6AB1625D53A97005FBDB2 /* Products */ = {
			isa = PBXGroup;
			children = (
				A1E6AB1525D53A97005FBDB2 /* food-places-ios.app */,
			);
			name = Products;
			sourceTree = "<group>";
		};
		A1E6AB1725D53A97005FBDB2 /* food-places-ios */ = {
			isa = PBXGroup;
			children = (
				A1E6AB1825D53A97005FBDB2 /* AppDelegate.swift */,
				A1E6AB1A25D53A97005FBDB2 /* SceneDelegate.swift */,
				A1E6AB3925D54338005FBDB2 /* APIKeys.swift */,
				A1EFF35B25D5726B0047606C /* URLs.swift */,
				A1E6AB4825D546C9005FBDB2 /* Application Logic */,
				A1E6AB4325D546A3005FBDB2 /* User Interface */,
				A1E6AB2125D53A99005FBDB2 /* Assets.xcassets */,
				A1E6AB2325D53A99005FBDB2 /* LaunchScreen.storyboard */,
				A1E6AB2625D53A99005FBDB2 /* Info.plist */,
			);
			path = "food-places-ios";
			sourceTree = "<group>";
		};
		A1E6AB4325D546A3005FBDB2 /* User Interface */ = {
			isa = PBXGroup;
			children = (
				A1EFF36225D580D30047606C /* TabBarController.swift */,
				A1491A9525D87E98009D4A90 /* Places */,
				A1E6AB4D25D54754005FBDB2 /* Extensions */,
			);
			path = "User Interface";
			sourceTree = "<group>";
		};
		A1E6AB4825D546C9005FBDB2 /* Application Logic */ = {
			isa = PBXGroup;
			children = (
				A1491A7F25D8740B009D4A90 /* Services */,
				A1491A8325D8742C009D4A90 /* Managers */,
				A1491A7C25D8440C009D4A90 /* Models */,
				A1EFF37425D5D0380047606C /* Extensions */,
			);
			path = "Application Logic";
			sourceTree = "<group>";
		};
		A1E6AB4D25D54754005FBDB2 /* Extensions */ = {
			isa = PBXGroup;
			children = (
				A1E6AB4A25D54750005FBDB2 /* StoryboardSupport.swift */,
			);
			path = Extensions;
			sourceTree = "<group>";
		};
		A1EFF37425D5D0380047606C /* Extensions */ = {
			isa = PBXGroup;
			children = (
				A1EFF38925D6C1020047606C /* NSManagedObjectContext.swift */,
			);
			path = Extensions;
			sourceTree = "<group>";
		};
/* End PBXGroup section */

/* Begin PBXNativeTarget section */
		A1E6AB1425D53A97005FBDB2 /* food-places-ios */ = {
			isa = PBXNativeTarget;
			buildConfigurationList = A1E6AB2925D53A99005FBDB2 /* Build configuration list for PBXNativeTarget "food-places-ios" */;
			buildPhases = (
				9D10E1A34537F3A3F268EC3C /* [CP] Check Pods Manifest.lock */,
				A1E6AB1125D53A97005FBDB2 /* Sources */,
				A1E6AB1225D53A97005FBDB2 /* Frameworks */,
				A1E6AB1325D53A97005FBDB2 /* Resources */,
				B4FFEAADF968CEA196DB62DF /* [CP] Embed Pods Frameworks */,
				CD5C8DD06B4105EBF1ECEB7A /* [CP] Copy Pods Resources */,
			);
			buildRules = (
			);
			dependencies = (
			);
			name = "food-places-ios";
			productName = "food-places-ios";
			productReference = A1E6AB1525D53A97005FBDB2 /* food-places-ios.app */;
			productType = "com.apple.product-type.application";
		};
/* End PBXNativeTarget section */

/* Begin PBXProject section */
		A1E6AB0D25D53A97005FBDB2 /* Project object */ = {
			isa = PBXProject;
			attributes = {
				LastSwiftUpdateCheck = 1240;
				LastUpgradeCheck = 1240;
				TargetAttributes = {
					A1E6AB1425D53A97005FBDB2 = {
						CreatedOnToolsVersion = 12.4;
					};
				};
			};
			buildConfigurationList = A1E6AB1025D53A97005FBDB2 /* Build configuration list for PBXProject "food-places-ios" */;
			compatibilityVersion = "Xcode 9.3";
			developmentRegion = en;
			hasScannedForEncodings = 0;
			knownRegions = (
				en,
				Base,
			);
			mainGroup = A1E6AB0C25D53A97005FBDB2;
			productRefGroup = A1E6AB1625D53A97005FBDB2 /* Products */;
			projectDirPath = "";
			projectRoot = "";
			targets = (
				A1E6AB1425D53A97005FBDB2 /* food-places-ios */,
			);
		};
/* End PBXProject section */

/* Begin PBXResourcesBuildPhase section */
		A1E6AB1325D53A97005FBDB2 /* Resources */ = {
			isa = PBXResourcesBuildPhase;
			buildActionMask = 2147483647;
			files = (
				A1E6AB2525D53A99005FBDB2 /* LaunchScreen.storyboard in Resources */,
				A1491A8F25D87C02009D4A90 /* ListCell.xib in Resources */,
				A1E6AB2225D53A99005FBDB2 /* Assets.xcassets in Resources */,
				A1E6AB2025D53A97005FBDB2 /* Places.storyboard in Resources */,
			);
			runOnlyForDeploymentPostprocessing = 0;
		};
/* End PBXResourcesBuildPhase section */

/* Begin PBXShellScriptBuildPhase section */
		9D10E1A34537F3A3F268EC3C /* [CP] Check Pods Manifest.lock */ = {
			isa = PBXShellScriptBuildPhase;
			buildActionMask = 2147483647;
			files = (
			);
			inputFileListPaths = (
			);
			inputPaths = (
				"${PODS_PODFILE_DIR_PATH}/Podfile.lock",
				"${PODS_ROOT}/Manifest.lock",
			);
			name = "[CP] Check Pods Manifest.lock";
			outputFileListPaths = (
			);
			outputPaths = (
				"$(DERIVED_FILE_DIR)/Pods-food-places-ios-checkManifestLockResult.txt",
			);
			runOnlyForDeploymentPostprocessing = 0;
			shellPath = /bin/sh;
			shellScript = "diff \"${PODS_PODFILE_DIR_PATH}/Podfile.lock\" \"${PODS_ROOT}/Manifest.lock\" > /dev/null\nif [ $? != 0 ] ; then\n    # print error to STDERR\n    echo \"error: The sandbox is not in sync with the Podfile.lock. Run 'pod install' or update your CocoaPods installation.\" >&2\n    exit 1\nfi\n# This output is used by Xcode 'outputs' to avoid re-running this script phase.\necho \"SUCCESS\" > \"${SCRIPT_OUTPUT_FILE_0}\"\n";
			showEnvVarsInLog = 0;
		};
		B4FFEAADF968CEA196DB62DF /* [CP] Embed Pods Frameworks */ = {
			isa = PBXShellScriptBuildPhase;
			buildActionMask = 2147483647;
			files = (
			);
			inputFileListPaths = (
				"${PODS_ROOT}/Target Support Files/Pods-food-places-ios/Pods-food-places-ios-frameworks-${CONFIGURATION}-input-files.xcfilelist",
			);
			name = "[CP] Embed Pods Frameworks";
			outputFileListPaths = (
				"${PODS_ROOT}/Target Support Files/Pods-food-places-ios/Pods-food-places-ios-frameworks-${CONFIGURATION}-output-files.xcfilelist",
			);
			runOnlyForDeploymentPostprocessing = 0;
			shellPath = /bin/sh;
			shellScript = "\"${PODS_ROOT}/Target Support Files/Pods-food-places-ios/Pods-food-places-ios-frameworks.sh\"\n";
			showEnvVarsInLog = 0;
		};
		CD5C8DD06B4105EBF1ECEB7A /* [CP] Copy Pods Resources */ = {
			isa = PBXShellScriptBuildPhase;
			buildActionMask = 2147483647;
			files = (
			);
			inputFileListPaths = (
				"${PODS_ROOT}/Target Support Files/Pods-food-places-ios/Pods-food-places-ios-resources-${CONFIGURATION}-input-files.xcfilelist",
			);
			name = "[CP] Copy Pods Resources";
			outputFileListPaths = (
				"${PODS_ROOT}/Target Support Files/Pods-food-places-ios/Pods-food-places-ios-resources-${CONFIGURATION}-output-files.xcfilelist",
			);
			runOnlyForDeploymentPostprocessing = 0;
			shellPath = /bin/sh;
			shellScript = "\"${PODS_ROOT}/Target Support Files/Pods-food-places-ios/Pods-food-places-ios-resources.sh\"\n";
			showEnvVarsInLog = 0;
		};
/* End PBXShellScriptBuildPhase section */

/* Begin PBXSourcesBuildPhase section */
		A1E6AB1125D53A97005FBDB2 /* Sources */ = {
			isa = PBXSourcesBuildPhase;
			buildActionMask = 2147483647;
			files = (
				A1EFF35325D570B10047606C /* DatabaseManager.swift in Sources */,
				A1EFF36325D580D30047606C /* TabBarController.swift in Sources */,
				A1491A8A25D87B7D009D4A90 /* ItemIdentifier.swift in Sources */,
				A1491A8725D87B59009D4A90 /* SectionIdentifier.swift in Sources */,
				A1EFF36B25D59ECD0047606C /* LocationManager.swift in Sources */,
				A1491A7925D83729009D4A90 /* PlaceInfo.swift in Sources */,
				A1EFF35925D5718F0047606C /* PlaceService.swift in Sources */,
				A1EFF36825D59E4F0047606C /* PlacesViewModel.swift in Sources */,
				A1E6AB4625D546C4005FBDB2 /* ServiceProvider.swift in Sources */,
				A1EFF35C25D5726B0047606C /* URLs.swift in Sources */,
				A1EFF38125D689240047606C /* FPError.swift in Sources */,
				A1EFF35625D570FD0047606C /* PlaceFinderManager.swift in Sources */,
				A1EFF38A25D6C1020047606C /* NSManagedObjectContext.swift in Sources */,
				A1E6AB1925D53A97005FBDB2 /* AppDelegate.swift in Sources */,
				A1EFF36F25D5CEE20047606C /* Place.swift in Sources */,
				A1E6AB4025D54423005FBDB2 /* ListViewController.swift in Sources */,
				A1491A9A25D87EFE009D4A90 /* PlaceDetailsView.swift in Sources */,
				A1E6AB3A25D54338005FBDB2 /* APIKeys.swift in Sources */,
				A1491A8E25D87C02009D4A90 /* ListCell.swift in Sources */,
				A1E6AB3D25D54417005FBDB2 /* MapViewController.swift in Sources */,
				A1E6AB1B25D53A97005FBDB2 /* SceneDelegate.swift in Sources */,
				A1E6AB4B25D54750005FBDB2 /* StoryboardSupport.swift in Sources */,
				A1EFF38725D6AA750047606C /* Places.xcdatamodeld in Sources */,
			);
			runOnlyForDeploymentPostprocessing = 0;
		};
/* End PBXSourcesBuildPhase section */

/* Begin PBXVariantGroup section */
		A1E6AB1E25D53A97005FBDB2 /* Places.storyboard */ = {
			isa = PBXVariantGroup;
			children = (
				A1E6AB1F25D53A97005FBDB2 /* Base */,
			);
			name = Places.storyboard;
			sourceTree = "<group>";
		};
		A1E6AB2325D53A99005FBDB2 /* LaunchScreen.storyboard */ = {
			isa = PBXVariantGroup;
			children = (
				A1E6AB2425D53A99005FBDB2 /* Base */,
			);
			name = LaunchScreen.storyboard;
			sourceTree = "<group>";
		};
/* End PBXVariantGroup section */

/* Begin XCBuildConfiguration section */
		A1E6AB2725D53A99005FBDB2 /* Debug */ = {
			isa = XCBuildConfiguration;
			buildSettings = {
				ALWAYS_SEARCH_USER_PATHS = NO;
				CLANG_ANALYZER_NONNULL = YES;
				CLANG_ANALYZER_NUMBER_OBJECT_CONVERSION = YES_AGGRESSIVE;
				CLANG_CXX_LANGUAGE_STANDARD = "gnu++14";
				CLANG_CXX_LIBRARY = "libc++";
				CLANG_ENABLE_MODULES = YES;
				CLANG_ENABLE_OBJC_ARC = YES;
				CLANG_ENABLE_OBJC_WEAK = YES;
				CLANG_WARN_BLOCK_CAPTURE_AUTORELEASING = YES;
				CLANG_WARN_BOOL_CONVERSION = YES;
				CLANG_WARN_COMMA = YES;
				CLANG_WARN_CONSTANT_CONVERSION = YES;
				CLANG_WARN_DEPRECATED_OBJC_IMPLEMENTATIONS = YES;
				CLANG_WARN_DIRECT_OBJC_ISA_USAGE = YES_ERROR;
				CLANG_WARN_DOCUMENTATION_COMMENTS = YES;
				CLANG_WARN_EMPTY_BODY = YES;
				CLANG_WARN_ENUM_CONVERSION = YES;
				CLANG_WARN_INFINITE_RECURSION = YES;
				CLANG_WARN_INT_CONVERSION = YES;
				CLANG_WARN_NON_LITERAL_NULL_CONVERSION = YES;
				CLANG_WARN_OBJC_IMPLICIT_RETAIN_SELF = YES;
				CLANG_WARN_OBJC_LITERAL_CONVERSION = YES;
				CLANG_WARN_OBJC_ROOT_CLASS = YES_ERROR;
				CLANG_WARN_QUOTED_INCLUDE_IN_FRAMEWORK_HEADER = YES;
				CLANG_WARN_RANGE_LOOP_ANALYSIS = YES;
				CLANG_WARN_STRICT_PROTOTYPES = YES;
				CLANG_WARN_SUSPICIOUS_MOVE = YES;
				CLANG_WARN_UNGUARDED_AVAILABILITY = YES_AGGRESSIVE;
				CLANG_WARN_UNREACHABLE_CODE = YES;
				CLANG_WARN__DUPLICATE_METHOD_MATCH = YES;
				COPY_PHASE_STRIP = NO;
				DEBUG_INFORMATION_FORMAT = dwarf;
				ENABLE_STRICT_OBJC_MSGSEND = YES;
				ENABLE_TESTABILITY = YES;
				GCC_C_LANGUAGE_STANDARD = gnu11;
				GCC_DYNAMIC_NO_PIC = NO;
				GCC_NO_COMMON_BLOCKS = YES;
				GCC_OPTIMIZATION_LEVEL = 0;
				GCC_PREPROCESSOR_DEFINITIONS = (
					"DEBUG=1",
					"$(inherited)",
				);
				GCC_WARN_64_TO_32_BIT_CONVERSION = YES;
				GCC_WARN_ABOUT_RETURN_TYPE = YES_ERROR;
				GCC_WARN_UNDECLARED_SELECTOR = YES;
				GCC_WARN_UNINITIALIZED_AUTOS = YES_AGGRESSIVE;
				GCC_WARN_UNUSED_FUNCTION = YES;
				GCC_WARN_UNUSED_VARIABLE = YES;
				IPHONEOS_DEPLOYMENT_TARGET = 14.4;
				MTL_ENABLE_DEBUG_INFO = INCLUDE_SOURCE;
				MTL_FAST_MATH = YES;
				ONLY_ACTIVE_ARCH = YES;
				SDKROOT = iphoneos;
				SWIFT_ACTIVE_COMPILATION_CONDITIONS = DEBUG;
				SWIFT_OPTIMIZATION_LEVEL = "-Onone";
			};
			name = Debug;
		};
		A1E6AB2825D53A99005FBDB2 /* Release */ = {
			isa = XCBuildConfiguration;
			buildSettings = {
				ALWAYS_SEARCH_USER_PATHS = NO;
				CLANG_ANALYZER_NONNULL = YES;
				CLANG_ANALYZER_NUMBER_OBJECT_CONVERSION = YES_AGGRESSIVE;
				CLANG_CXX_LANGUAGE_STANDARD = "gnu++14";
				CLANG_CXX_LIBRARY = "libc++";
				CLANG_ENABLE_MODULES = YES;
				CLANG_ENABLE_OBJC_ARC = YES;
				CLANG_ENABLE_OBJC_WEAK = YES;
				CLANG_WARN_BLOCK_CAPTURE_AUTORELEASING = YES;
				CLANG_WARN_BOOL_CONVERSION = YES;
				CLANG_WARN_COMMA = YES;
				CLANG_WARN_CONSTANT_CONVERSION = YES;
				CLANG_WARN_DEPRECATED_OBJC_IMPLEMENTATIONS = YES;
				CLANG_WARN_DIRECT_OBJC_ISA_USAGE = YES_ERROR;
				CLANG_WARN_DOCUMENTATION_COMMENTS = YES;
				CLANG_WARN_EMPTY_BODY = YES;
				CLANG_WARN_ENUM_CONVERSION = YES;
				CLANG_WARN_INFINITE_RECURSION = YES;
				CLANG_WARN_INT_CONVERSION = YES;
				CLANG_WARN_NON_LITERAL_NULL_CONVERSION = YES;
				CLANG_WARN_OBJC_IMPLICIT_RETAIN_SELF = YES;
				CLANG_WARN_OBJC_LITERAL_CONVERSION = YES;
				CLANG_WARN_OBJC_ROOT_CLASS = YES_ERROR;
				CLANG_WARN_QUOTED_INCLUDE_IN_FRAMEWORK_HEADER = YES;
				CLANG_WARN_RANGE_LOOP_ANALYSIS = YES;
				CLANG_WARN_STRICT_PROTOTYPES = YES;
				CLANG_WARN_SUSPICIOUS_MOVE = YES;
				CLANG_WARN_UNGUARDED_AVAILABILITY = YES_AGGRESSIVE;
				CLANG_WARN_UNREACHABLE_CODE = YES;
				CLANG_WARN__DUPLICATE_METHOD_MATCH = YES;
				COPY_PHASE_STRIP = NO;
				DEBUG_INFORMATION_FORMAT = "dwarf-with-dsym";
				ENABLE_NS_ASSERTIONS = NO;
				ENABLE_STRICT_OBJC_MSGSEND = YES;
				GCC_C_LANGUAGE_STANDARD = gnu11;
				GCC_NO_COMMON_BLOCKS = YES;
				GCC_WARN_64_TO_32_BIT_CONVERSION = YES;
				GCC_WARN_ABOUT_RETURN_TYPE = YES_ERROR;
				GCC_WARN_UNDECLARED_SELECTOR = YES;
				GCC_WARN_UNINITIALIZED_AUTOS = YES_AGGRESSIVE;
				GCC_WARN_UNUSED_FUNCTION = YES;
				GCC_WARN_UNUSED_VARIABLE = YES;
				IPHONEOS_DEPLOYMENT_TARGET = 14.4;
				MTL_ENABLE_DEBUG_INFO = NO;
				MTL_FAST_MATH = YES;
				SDKROOT = iphoneos;
				SWIFT_COMPILATION_MODE = wholemodule;
				SWIFT_OPTIMIZATION_LEVEL = "-O";
				VALIDATE_PRODUCT = YES;
			};
			name = Release;
		};
		A1E6AB2A25D53A99005FBDB2 /* Debug */ = {
			isa = XCBuildConfiguration;
			baseConfigurationReference = 780D48167A812E845947F78D /* Pods-food-places-ios.debug.xcconfig */;
			buildSettings = {
				ASSETCATALOG_COMPILER_APPICON_NAME = AppIcon;
				ASSETCATALOG_COMPILER_GLOBAL_ACCENT_COLOR_NAME = AccentColor;
				CODE_SIGN_STYLE = Automatic;
				INFOPLIST_FILE = "food-places-ios/Info.plist";
				IPHONEOS_DEPLOYMENT_TARGET = 14.4;
				LD_RUNPATH_SEARCH_PATHS = (
					"$(inherited)",
					"@executable_path/Frameworks",
				);
				PRODUCT_BUNDLE_IDENTIFIER = "com.brssgn.food-places-ios";
				PRODUCT_NAME = "$(TARGET_NAME)";
				SWIFT_VERSION = 5.0;
				TARGETED_DEVICE_FAMILY = "1,2";
			};
			name = Debug;
		};
		A1E6AB2B25D53A99005FBDB2 /* Release */ = {
			isa = XCBuildConfiguration;
			baseConfigurationReference = 2DEB16F24BB257E1895E1AD6 /* Pods-food-places-ios.release.xcconfig */;
			buildSettings = {
				ASSETCATALOG_COMPILER_APPICON_NAME = AppIcon;
				ASSETCATALOG_COMPILER_GLOBAL_ACCENT_COLOR_NAME = AccentColor;
				CODE_SIGN_STYLE = Automatic;
				INFOPLIST_FILE = "food-places-ios/Info.plist";
				IPHONEOS_DEPLOYMENT_TARGET = 14.4;
				LD_RUNPATH_SEARCH_PATHS = (
					"$(inherited)",
					"@executable_path/Frameworks",
				);
				PRODUCT_BUNDLE_IDENTIFIER = "com.brssgn.food-places-ios";
				PRODUCT_NAME = "$(TARGET_NAME)";
				SWIFT_VERSION = 5.0;
				TARGETED_DEVICE_FAMILY = "1,2";
			};
			name = Release;
		};
/* End XCBuildConfiguration section */

/* Begin XCConfigurationList section */
		A1E6AB1025D53A97005FBDB2 /* Build configuration list for PBXProject "food-places-ios" */ = {
			isa = XCConfigurationList;
			buildConfigurations = (
				A1E6AB2725D53A99005FBDB2 /* Debug */,
				A1E6AB2825D53A99005FBDB2 /* Release */,
			);
			defaultConfigurationIsVisible = 0;
			defaultConfigurationName = Release;
		};
		A1E6AB2925D53A99005FBDB2 /* Build configuration list for PBXNativeTarget "food-places-ios" */ = {
			isa = XCConfigurationList;
			buildConfigurations = (
				A1E6AB2A25D53A99005FBDB2 /* Debug */,
				A1E6AB2B25D53A99005FBDB2 /* Release */,
			);
			defaultConfigurationIsVisible = 0;
			defaultConfigurationName = Release;
		};
/* End XCConfigurationList section */

/* Begin XCVersionGroup section */
		A1EFF38525D6AA750047606C /* Places.xcdatamodeld */ = {
			isa = XCVersionGroup;
			children = (
				A1EFF38625D6AA750047606C /* Places.xcdatamodel */,
			);
			currentVersion = A1EFF38625D6AA750047606C /* Places.xcdatamodel */;
			path = Places.xcdatamodeld;
			sourceTree = "<group>";
			versionGroupType = wrapper.xcdatamodel;
		};
/* End XCVersionGroup section */
	};
	rootObject = A1E6AB0D25D53A97005FBDB2 /* Project object */;
}
